
Microsoft Visual Studio Solution File, Format Version 12.00
# Visual Studio Version 17
VisualStudioVersion = 17.2.32630.192
MinimumVisualStudioVersion = 10.0.40219.1
Project("{FAE04EC0-301F-11D3-BF4B-00C04F79EFBC}") = "Proje05_Methods_Advanced", "Proje05_Methods_Advanced.csproj", "{84E46239-6BFB-492A-8731-5C8EC34ADA66}"
EndProject
Global
	GlobalSection(SolutionConfigurationPlatforms) = preSolution
		Debug|Any CPU = Debug|Any CPU
		Release|Any CPU = Release|Any CPU
	EndGlobalSection
	GlobalSection(ProjectConfigurationPlatforms) = postSolution
		{84E46239-6BFB-492A-8731-5C8EC34ADA66}.Debug|Any CPU.ActiveCfg = Debug|Any CPU
		{84E46239-6BFB-492A-8731-5C8EC34ADA66}.Debug|Any CPU.Build.0 = Debug|Any CPU
		{84E46239-6BFB-492A-8731-5C8EC34ADA66}.Release|Any CPU.ActiveCfg = Release|Any CPU
		{84E46239-6BFB-492A-8731-5C8EC34ADA66}.Release|Any CPU.Build.0 = Release|Any CPU
	EndGlobalSection
	GlobalSection(SolutionProperties) = preSolution
		HideSolutionNode = FALSE
	EndGlobalSection
	GlobalSection(ExtensibilityGlobals) = postSolution
		SolutionGuid = {32CE2FA5-7B8F-49AC-8A5D-FD09BCEE5D31}
	EndGlobalSection
EndGlobal
