
Microsoft Visual Studio Solution File, Format Version 12.00
# Visual Studio Version 17
VisualStudioVersion = 17.2.32630.192
MinimumVisualStudioVersion = 10.0.40219.1
Project("{FAE04EC0-301F-11D3-BF4B-00C04F79EFBC}") = "Proje07_Constructor_Methods", "Proje07_Constructor_Methods.csproj", "{0A772654-22A7-4615-AEEC-86C660CE3A52}"
EndProject
Global
	GlobalSection(SolutionConfigurationPlatforms) = preSolution
		Debug|Any CPU = Debug|Any CPU
		Release|Any CPU = Release|Any CPU
	EndGlobalSection
	GlobalSection(ProjectConfigurationPlatforms) = postSolution
		{0A772654-22A7-4615-AEEC-86C660CE3A52}.Debug|Any CPU.ActiveCfg = Debug|Any CPU
		{0A772654-22A7-4615-AEEC-86C660CE3A52}.Debug|Any CPU.Build.0 = Debug|Any CPU
		{0A772654-22A7-4615-AEEC-86C660CE3A52}.Release|Any CPU.ActiveCfg = Release|Any CPU
		{0A772654-22A7-4615-AEEC-86C660CE3A52}.Release|Any CPU.Build.0 = Release|Any CPU
	EndGlobalSection
	GlobalSection(SolutionProperties) = preSolution
		HideSolutionNode = FALSE
	EndGlobalSection
	GlobalSection(ExtensibilityGlobals) = postSolution
		SolutionGuid = {F850DE67-CD5A-47EE-98EB-57BC7BC610E8}
	EndGlobalSection
EndGlobal
