
Microsoft Visual Studio Solution File, Format Version 12.00
# Visual Studio Version 17
VisualStudioVersion = 17.2.32630.192
MinimumVisualStudioVersion = 10.0.40219.1
Project("{FAE04EC0-301F-11D3-BF4B-00C04F79EFBC}") = "Proje08_Abstract", "Proje08_Abstract.csproj", "{9802CA1D-EE0C-4F4F-9E98-15C31A4BCECC}"
EndProject
Global
	GlobalSection(SolutionConfigurationPlatforms) = preSolution
		Debug|Any CPU = Debug|Any CPU
		Release|Any CPU = Release|Any CPU
	EndGlobalSection
	GlobalSection(ProjectConfigurationPlatforms) = postSolution
		{9802CA1D-EE0C-4F4F-9E98-15C31A4BCECC}.Debug|Any CPU.ActiveCfg = Debug|Any CPU
		{9802CA1D-EE0C-4F4F-9E98-15C31A4BCECC}.Debug|Any CPU.Build.0 = Debug|Any CPU
		{9802CA1D-EE0C-4F4F-9E98-15C31A4BCECC}.Release|Any CPU.ActiveCfg = Release|Any CPU
		{9802CA1D-EE0C-4F4F-9E98-15C31A4BCECC}.Release|Any CPU.Build.0 = Release|Any CPU
	EndGlobalSection
	GlobalSection(SolutionProperties) = preSolution
		HideSolutionNode = FALSE
	EndGlobalSection
	GlobalSection(ExtensibilityGlobals) = postSolution
		SolutionGuid = {4129AA59-8859-4891-9483-E06EC4A880E6}
	EndGlobalSection
EndGlobal
