
Microsoft Visual Studio Solution File, Format Version 12.00
# Visual Studio Version 17
VisualStudioVersion = 17.2.32630.192
MinimumVisualStudioVersion = 10.0.40219.1
Project("{FAE04EC0-301F-11D3-BF4B-00C04F79EFBC}") = "Proje15_Class_Property_Field", "Proje15_Class_Property_Field.csproj", "{101FA835-D5FE-42AA-881D-8319E929AC3F}"
EndProject
Global
	GlobalSection(SolutionConfigurationPlatforms) = preSolution
		Debug|Any CPU = Debug|Any CPU
		Release|Any CPU = Release|Any CPU
	EndGlobalSection
	GlobalSection(ProjectConfigurationPlatforms) = postSolution
		{101FA835-D5FE-42AA-881D-8319E929AC3F}.Debug|Any CPU.ActiveCfg = Debug|Any CPU
		{101FA835-D5FE-42AA-881D-8319E929AC3F}.Debug|Any CPU.Build.0 = Debug|Any CPU
		{101FA835-D5FE-42AA-881D-8319E929AC3F}.Release|Any CPU.ActiveCfg = Release|Any CPU
		{101FA835-D5FE-42AA-881D-8319E929AC3F}.Release|Any CPU.Build.0 = Release|Any CPU
	EndGlobalSection
	GlobalSection(SolutionProperties) = preSolution
		HideSolutionNode = FALSE
	EndGlobalSection
	GlobalSection(ExtensibilityGlobals) = postSolution
		SolutionGuid = {3EB90D7D-7FC7-472E-84D7-57502690AF26}
	EndGlobalSection
EndGlobal
